<?xml version="1.0" encoding="utf-8"?>
<Project ToolsVersion="4.0" xmlns="http://schemas.microsoft.com/developer/msbuild/2003">
  <ItemGroup>
    <Filter Include="Fichiers sources">
      <UniqueIdentifier>{4FC737F1-C7A5-4376-A066-2A32D752A2FF}</UniqueIdentifier>
      <Extensions>cpp;c;cc;cxx;c++;cppm;ixx;def;odl;idl;hpj;bat;asm;asmx</Extensions>
    </Filter>
    <Filter Include="Fichiers d%27en-tête">
      <UniqueIdentifier>{93995380-89BD-4b04-88EB-625FBE52EBFB}</UniqueIdentifier>
      <Extensions>h;hh;hpp;hxx;h++;hm;inl;inc;ipp;xsd</Extensions>
    </Filter>
    <Filter Include="Fichiers de ressources">
      <UniqueIdentifier>{67DA6AB6-F800-4c08-8B7A-83BB121AAD01}</UniqueIdentifier>
      <Extensions>rc;ico;cur;bmp;dlg;rc2;rct;bin;rgs;gif;jpg;jpeg;jpe;resx;tiff;tif;png;wav;mfcribbon-ms</Extensions>
    </Filter>
    <Filter Include="Fichiers glsl">
      <UniqueIdentifier>{e8629981-873c-4152-a201-60a69688d2be}</UniqueIdentifier>
    </Filter>
    <Filter Include="Nodes">
      <UniqueIdentifier>{6a3af3b1-0fcf-4b4d-9400-90853ab10a46}</UniqueIdentifier>
    </Filter>
    <Filter Include="Nodes\Src">
      <UniqueIdentifier>{73d23d5d-b1ce-4cb7-a056-bfffc681eda6}</UniqueIdentifier>
    </Filter>
    <Filter Include="Nodes\Headers">
      <UniqueIdentifier>{e398d395-315d-4b08-94ab-1738ac148df5}</UniqueIdentifier>
    </Filter>
    <Filter Include="Nodes\UIRenderer">
      <UniqueIdentifier>{5fa92b60-5db6-4d00-b08e-7e29eb2fbf0b}</UniqueIdentifier>
    </Filter>
  </ItemGroup>
  <ItemGroup>
    <ClCompile Include="src\commons.cpp">
      <Filter>Fichiers sources</Filter>
    </ClCompile>
    <ClCompile Include="src\Debugger.cpp">
      <Filter>Fichiers sources</Filter>
    </ClCompile>
    <ClCompile Include="src\visualizer.cpp">
      <Filter>Fichiers sources</Filter>
    </ClCompile>
    <ClCompile Include="main.cpp">
      <Filter>Fichiers sources</Filter>
    </ClCompile>
    <ClCompile Include="src\backend.cpp">
      <Filter>Fichiers sources</Filter>
    </ClCompile>
    <ClCompile Include="src\Text_data.cpp">
      <Filter>Fichiers sources</Filter>
    </ClCompile>
    <ClCompile Include="src\backend_json.cpp">
      <Filter>Fichiers sources</Filter>
    </ClCompile>
    <ClCompile Include="src\gui.cpp">
      <Filter>Fichiers sources</Filter>
    </ClCompile>
    <ClCompile Include="src\scenegraph.cpp">
      <Filter>Nodes\Src</Filter>
    </ClCompile>
    <ClCompile Include="src\Node_Box.cpp">
      <Filter>Nodes\Src</Filter>
    </ClCompile>
    <ClCompile Include="src\Node_Primitive.cpp">
      <Filter>Nodes\Src</Filter>
    </ClCompile>
    <ClCompile Include="src\Node_Export.cpp">
      <Filter>Nodes\Src</Filter>
    </ClCompile>
    <ClCompile Include="src\Node_UI.cpp">
      <Filter>Nodes\Src</Filter>
    </ClCompile>
    <ClCompile Include="inc\UIRenderer.cpp">
      <Filter>Nodes\UIRenderer</Filter>
    </ClCompile>
  </ItemGroup>
  <ItemGroup>
    <ClInclude Include="inc\_includes.hpp">
      <Filter>Fichiers d%27en-tête</Filter>
    </ClInclude>
    <ClInclude Include="inc\commons.h">
      <Filter>Fichiers d%27en-tête</Filter>
    </ClInclude>
    <ClInclude Include="inc\Debugger.h">
      <Filter>Fichiers d%27en-tête</Filter>
    </ClInclude>
    <ClInclude Include="inc\visualizer.h">
      <Filter>Fichiers d%27en-tête</Filter>
    </ClInclude>
    <ClInclude Include="inc\backend.hpp">
      <Filter>Fichiers d%27en-tête</Filter>
    </ClInclude>
    <ClInclude Include="inc\data.hpp">
      <Filter>Fichiers d%27en-tête</Filter>
    </ClInclude>
    <ClInclude Include="inc\Text_data.h">
      <Filter>Fichiers d%27en-tête</Filter>
    </ClInclude>
    <ClInclude Include="inc\backend_json.h">
      <Filter>Fichiers d%27en-tête</Filter>
    </ClInclude>
    <ClInclude Include="inc\gui.h">
      <Filter>Fichiers d%27en-tête</Filter>
    </ClInclude>
    <ClInclude Include="inc\scenegraph.h">
      <Filter>Nodes\Headers</Filter>
    </ClInclude>
    <ClInclude Include="inc\Node_Box.h">
      <Filter>Nodes\Headers</Filter>
    </ClInclude>
    <ClInclude Include="inc\Node_Primitive.h">
      <Filter>Nodes\Headers</Filter>
    </ClInclude>
    <ClInclude Include="inc\Node_Export.h">
      <Filter>Nodes\Headers</Filter>
    </ClInclude>
    <ClInclude Include="inc\Node_UI.h">
      <Filter>Nodes\Headers</Filter>
    </ClInclude>
    <ClInclude Include="inc\UIRenderer.hpp">
      <Filter>Nodes\UIRenderer</Filter>
    </ClInclude>
  </ItemGroup>
  <ItemGroup>
    <None Include="glsl\triangle.frag">
      <Filter>Fichiers glsl</Filter>
    </None>
    <None Include="glsl\triangle.vert">
      <Filter>Fichiers glsl</Filter>
    </None>
    <None Include="glsl\ui.frag">
      <Filter>Fichiers glsl</Filter>
    </None>
    <None Include="glsl\ui.vert">
      <Filter>Fichiers glsl</Filter>
    </None>
  </ItemGroup>
</Project>